
Microsoft Visual Studio Solution File, Format Version 12.00
# TcXaeShell Solution File, Format Version 11.00
VisualStudioVersion = 15.0.33403.129
MinimumVisualStudioVersion = 10.0.40219.1
Project("{B1E792BE-AA5F-4E3C-8C82-674BF9C0715B}") = "mqtttest", "mqtttest\mqtttest.tsproj", "{A4EE3682-5374-41AA-A3CC-D23540AFB88F}"
EndProject
Global
	GlobalSection(SolutionConfigurationPlatforms) = preSolution
		Debug|TwinCAT CE7 (ARMV7) = Debug|TwinCAT CE7 (ARMV7)
		Debug|TwinCAT OS (ARMT2) = Debug|TwinCAT OS (ARMT2)
		Debug|TwinCAT RT (x64) = Debug|TwinCAT RT (x64)
		Debug|TwinCAT RT (x86) = Debug|TwinCAT RT (x86)
		Release|TwinCAT CE7 (ARMV7) = Release|TwinCAT CE7 (ARMV7)
		Release|TwinCAT OS (ARMT2) = Release|TwinCAT OS (ARMT2)
		Release|TwinCAT RT (x64) = Release|TwinCAT RT (x64)
		Release|TwinCAT RT (x86) = Release|TwinCAT RT (x86)
	EndGlobalSection
	GlobalSection(ProjectConfigurationPlatforms) = postSolution
		{A4EE3682-5374-41AA-A3CC-D23540AFB88F}.Debug|TwinCAT CE7 (ARMV7).ActiveCfg = Debug|TwinCAT CE7 (ARMV7)
		{A4EE3682-5374-41AA-A3CC-D23540AFB88F}.Debug|TwinCAT CE7 (ARMV7).Build.0 = Debug|TwinCAT CE7 (ARMV7)
		{A4EE3682-5374-41AA-A3CC-D23540AFB88F}.Debug|TwinCAT OS (ARMT2).ActiveCfg = Debug|TwinCAT OS (ARMT2)
		{A4EE3682-5374-41AA-A3CC-D23540AFB88F}.Debug|TwinCAT OS (ARMT2).Build.0 = Debug|TwinCAT OS (ARMT2)
		{A4EE3682-5374-41AA-A3CC-D23540AFB88F}.Debug|TwinCAT RT (x64).ActiveCfg = Debug|TwinCAT RT (x64)
		{A4EE3682-5374-41AA-A3CC-D23540AFB88F}.Debug|TwinCAT RT (x64).Build.0 = Debug|TwinCAT RT (x64)
		{A4EE3682-5374-41AA-A3CC-D23540AFB88F}.Debug|TwinCAT RT (x86).ActiveCfg = Debug|TwinCAT RT (x86)
		{A4EE3682-5374-41AA-A3CC-D23540AFB88F}.Debug|TwinCAT RT (x86).Build.0 = Debug|TwinCAT RT (x86)
		{A4EE3682-5374-41AA-A3CC-D23540AFB88F}.Release|TwinCAT CE7 (ARMV7).ActiveCfg = Release|TwinCAT CE7 (ARMV7)
		{A4EE3682-5374-41AA-A3CC-D23540AFB88F}.Release|TwinCAT CE7 (ARMV7).Build.0 = Release|TwinCAT CE7 (ARMV7)
		{A4EE3682-5374-41AA-A3CC-D23540AFB88F}.Release|TwinCAT OS (ARMT2).ActiveCfg = Release|TwinCAT OS (ARMT2)
		{A4EE3682-5374-41AA-A3CC-D23540AFB88F}.Release|TwinCAT OS (ARMT2).Build.0 = Release|TwinCAT OS (ARMT2)
		{A4EE3682-5374-41AA-A3CC-D23540AFB88F}.Release|TwinCAT RT (x64).ActiveCfg = Release|TwinCAT RT (x64)
		{A4EE3682-5374-41AA-A3CC-D23540AFB88F}.Release|TwinCAT RT (x64).Build.0 = Release|TwinCAT RT (x64)
		{A4EE3682-5374-41AA-A3CC-D23540AFB88F}.Release|TwinCAT RT (x86).ActiveCfg = Release|TwinCAT RT (x86)
		{A4EE3682-5374-41AA-A3CC-D23540AFB88F}.Release|TwinCAT RT (x86).Build.0 = Release|TwinCAT RT (x86)
		{A679E577-F0F1-4222-AD3A-31AB4F1A87D0}.Debug|TwinCAT CE7 (ARMV7).ActiveCfg = Debug|TwinCAT CE7 (ARMV7)
		{A679E577-F0F1-4222-AD3A-31AB4F1A87D0}.Debug|TwinCAT CE7 (ARMV7).Build.0 = Debug|TwinCAT CE7 (ARMV7)
		{A679E577-F0F1-4222-AD3A-31AB4F1A87D0}.Debug|TwinCAT OS (ARMT2).ActiveCfg = Debug|TwinCAT OS (ARMT2)
		{A679E577-F0F1-4222-AD3A-31AB4F1A87D0}.Debug|TwinCAT OS (ARMT2).Build.0 = Debug|TwinCAT OS (ARMT2)
		{A679E577-F0F1-4222-AD3A-31AB4F1A87D0}.Debug|TwinCAT RT (x64).ActiveCfg = Debug|TwinCAT RT (x64)
		{A679E577-F0F1-4222-AD3A-31AB4F1A87D0}.Debug|TwinCAT RT (x64).Build.0 = Debug|TwinCAT RT (x64)
		{A679E577-F0F1-4222-AD3A-31AB4F1A87D0}.Debug|TwinCAT RT (x86).ActiveCfg = Debug|TwinCAT RT (x86)
		{A679E577-F0F1-4222-AD3A-31AB4F1A87D0}.Debug|TwinCAT RT (x86).Build.0 = Debug|TwinCAT RT (x86)
		{A679E577-F0F1-4222-AD3A-31AB4F1A87D0}.Release|TwinCAT CE7 (ARMV7).ActiveCfg = Release|TwinCAT CE7 (ARMV7)
		{A679E577-F0F1-4222-AD3A-31AB4F1A87D0}.Release|TwinCAT CE7 (ARMV7).Build.0 = Release|TwinCAT CE7 (ARMV7)
		{A679E577-F0F1-4222-AD3A-31AB4F1A87D0}.Release|TwinCAT OS (ARMT2).ActiveCfg = Release|TwinCAT OS (ARMT2)
		{A679E577-F0F1-4222-AD3A-31AB4F1A87D0}.Release|TwinCAT OS (ARMT2).Build.0 = Release|TwinCAT OS (ARMT2)
		{A679E577-F0F1-4222-AD3A-31AB4F1A87D0}.Release|TwinCAT RT (x64).ActiveCfg = Release|TwinCAT RT (x64)
		{A679E577-F0F1-4222-AD3A-31AB4F1A87D0}.Release|TwinCAT RT (x64).Build.0 = Release|TwinCAT RT (x64)
		{A679E577-F0F1-4222-AD3A-31AB4F1A87D0}.Release|TwinCAT RT (x86).ActiveCfg = Release|TwinCAT RT (x86)
		{A679E577-F0F1-4222-AD3A-31AB4F1A87D0}.Release|TwinCAT RT (x86).Build.0 = Release|TwinCAT RT (x86)
	EndGlobalSection
	GlobalSection(SolutionProperties) = preSolution
		HideSolutionNode = FALSE
	EndGlobalSection
	GlobalSection(ExtensibilityGlobals) = postSolution
		SolutionGuid = {97D3266C-564E-41D6-B7BE-4E8A25DBED1A}
	EndGlobalSection
EndGlobal
